
Microsoft Visual Studio Solution File, Format Version 12.00
# Visual Studio Version 17
VisualStudioVersion = 17.13.35913.81
MinimumVisualStudioVersion = 10.0.40219.1
Project("{2150E333-8FDC-42A3-9474-1A3956D46DE8}") = "01", "01", "{02EA681E-C7D8-13C7-8484-4AC65E1B71E8}"
EndProject
Project("{FAE04EC0-301F-11D3-BF4B-00C04F79EFBC}") = "NUMERO ES PAR O NO", "NUMERO ES PAR O NO\NUMERO ES PAR O NO.csproj", "{22A89F76-1431-43AD-8A5B-EACCAC3870AD}"
EndProject
Project("{2150E333-8FDC-42A3-9474-1A3956D46DE8}") = "02", "02", "{C2A82893-0605-49D6-B28F-4F8465A67470}"
EndProject
Project("{FAE04EC0-301F-11D3-BF4B-00C04F79EFBC}") = "NÚMERO MAYOR", "NÚMERO MAYOR\NÚMERO MAYOR.csproj", "{366A2938-7D3A-456F-942B-04FC022006BC}"
EndProject
Project("{2150E333-8FDC-42A3-9474-1A3956D46DE8}") = "03", "03", "{331E5850-C784-4080-8084-C15378057A73}"
EndProject
Project("{FAE04EC0-301F-11D3-BF4B-00C04F79EFBC}") = "ORDENACIÓN DE TRES NÚMEROS", "ORDENACIÓN DE TRES NÚMEROS\ORDENACIÓN DE TRES NÚMEROS.csproj", "{D2A22900-5E21-4D36-8C5F-A204A376EAD0}"
EndProject
Project("{2150E333-8FDC-42A3-9474-1A3956D46DE8}") = "04", "04", "{3282E042-EFAC-46FB-947D-EE8E6F855F9E}"
EndProject
Project("{FAE04EC0-301F-11D3-BF4B-00C04F79EFBC}") = "NUMERO ES MÚLTIPLO DE OTRO", "NUMERO ES MÚLTIPLO DE OTRO\NUMERO ES MÚLTIPLO DE OTRO.csproj", "{970DC7FE-8DD5-4C44-8EB2-C1BB6C69793E}"
EndProject
Project("{2150E333-8FDC-42A3-9474-1A3956D46DE8}") = "05", "05", "{7604955B-8041-43D9-BE2C-B061692111F1}"
EndProject
Project("{FAE04EC0-301F-11D3-BF4B-00C04F79EFBC}") = "AÑO BICIESTO", "AÑO BICIESTO\AÑO BICIESTO.csproj", "{1581FFF1-C8F5-461D-8C46-042AC87173A9}"
EndProject
Project("{2150E333-8FDC-42A3-9474-1A3956D46DE8}") = "06", "06", "{9F925BE8-DF56-4990-B8AB-BD44CCC7D1AF}"
EndProject
Project("{2150E333-8FDC-42A3-9474-1A3956D46DE8}") = "07", "07", "{F08D24AF-361D-4825-B1B1-AAE7A4DC6FC3}"
EndProject
Project("{2150E333-8FDC-42A3-9474-1A3956D46DE8}") = "08", "08", "{5A876CC8-EB73-4750-8039-E43DBBEC4D05}"
EndProject
Project("{2150E333-8FDC-42A3-9474-1A3956D46DE8}") = "09", "09", "{757341BE-391C-4092-8CC7-7C006503E785}"
EndProject
Project("{2150E333-8FDC-42A3-9474-1A3956D46DE8}") = "10", "10", "{A5E0700D-E0B1-435E-A758-E8A5E1CD6838}"
EndProject
Project("{2150E333-8FDC-42A3-9474-1A3956D46DE8}") = "11", "11", "{00C679A5-ACFA-4FE6-BA72-A6C06B6582CD}"
EndProject
Project("{2150E333-8FDC-42A3-9474-1A3956D46DE8}") = "12", "12", "{606EBBB4-230A-4440-B019-6FAE7C4CDAA9}"
EndProject
Project("{2150E333-8FDC-42A3-9474-1A3956D46DE8}") = "13", "13", "{9D260C2C-3862-4090-8A64-6C5070D2B69C}"
EndProject
Project("{2150E333-8FDC-42A3-9474-1A3956D46DE8}") = "14", "14", "{A2839D60-3CDE-4C2C-8773-5429181D8CA5}"
EndProject
Project("{2150E333-8FDC-42A3-9474-1A3956D46DE8}") = "15", "15", "{25905DD5-6C03-49A1-9E7D-E335D3C18925}"
EndProject
Project("{2150E333-8FDC-42A3-9474-1A3956D46DE8}") = "16", "16", "{94D40C0F-A459-4ABD-BF18-53A23A416CD1}"
EndProject
Project("{2150E333-8FDC-42A3-9474-1A3956D46DE8}") = "17", "17", "{E46E0EB5-CED7-40C7-A8D7-F9BB08300FC7}"
EndProject
Project("{2150E333-8FDC-42A3-9474-1A3956D46DE8}") = "18", "18", "{CB137C4F-C2E7-4038-B31E-5C4E561D5402}"
EndProject
Project("{2150E333-8FDC-42A3-9474-1A3956D46DE8}") = "19", "19", "{882A8A51-5946-43C1-9960-C7FD10E0E615}"
EndProject
Project("{2150E333-8FDC-42A3-9474-1A3956D46DE8}") = "20", "20", "{399075C8-E44F-4FEA-85A2-0A5A7317D9C3}"
EndProject
Project("{2150E333-8FDC-42A3-9474-1A3956D46DE8}") = "21", "21", "{1CBD5225-859C-4ADA-8975-0F59C71B9E59}"
EndProject
Project("{2150E333-8FDC-42A3-9474-1A3956D46DE8}") = "22", "22", "{2C8B5F38-637E-4919-84A4-A78604B06E12}"
EndProject
Project("{2150E333-8FDC-42A3-9474-1A3956D46DE8}") = "23", "23", "{B5D23E22-C3BB-449A-9E22-2FBF58AA3CDA}"
EndProject
Project("{2150E333-8FDC-42A3-9474-1A3956D46DE8}") = "24", "24", "{7A9A9220-B69F-414E-A9AF-F386348F2BFD}"
EndProject
Project("{2150E333-8FDC-42A3-9474-1A3956D46DE8}") = "25", "25", "{3C15FC7F-5811-4CCF-9DBC-9D4396ECCF36}"
EndProject
Project("{2150E333-8FDC-42A3-9474-1A3956D46DE8}") = "26", "26", "{0FA9245A-9DEF-4CD2-A41D-5E7C414C74FD}"
EndProject
Project("{2150E333-8FDC-42A3-9474-1A3956D46DE8}") = "27", "27", "{105FB6F1-D723-4644-95D6-27DE46977A3F}"
EndProject
Project("{2150E333-8FDC-42A3-9474-1A3956D46DE8}") = "28", "28", "{1D6D7C3A-560E-4D4E-B3B4-CE497D92D196}"
EndProject
Project("{2150E333-8FDC-42A3-9474-1A3956D46DE8}") = "29", "29", "{16AE0410-C0E7-4900-A7CE-BDE1764F67D6}"
EndProject
Project("{2150E333-8FDC-42A3-9474-1A3956D46DE8}") = "30", "30", "{352E393F-C7B2-407C-9F84-FD068CAB1A7B}"
EndProject
Project("{2150E333-8FDC-42A3-9474-1A3956D46DE8}") = "31", "31", "{9498E527-D5C4-4D2F-AE74-999009B3E0E5}"
EndProject
Project("{2150E333-8FDC-42A3-9474-1A3956D46DE8}") = "32", "32", "{9AD6A469-5E9B-429D-978A-EFC564AFB9E0}"
EndProject
Project("{2150E333-8FDC-42A3-9474-1A3956D46DE8}") = "33", "33", "{BA8E5AC9-B80C-4595-85EE-B192A1FB2464}"
EndProject
Project("{2150E333-8FDC-42A3-9474-1A3956D46DE8}") = "34", "34", "{4C9D3D0A-A51B-4F49-8806-C8062FA5E1F4}"
EndProject
Project("{2150E333-8FDC-42A3-9474-1A3956D46DE8}") = "35", "35", "{3360C655-3F97-4BC4-BA81-309002BF142D}"
EndProject
Project("{2150E333-8FDC-42A3-9474-1A3956D46DE8}") = "36", "36", "{49B8A525-AFB2-4131-BF2E-5E68028987D2}"
EndProject
Project("{2150E333-8FDC-42A3-9474-1A3956D46DE8}") = "37", "37", "{0DF5E3B8-5C1D-428E-8B4D-B00884EFFF99}"
EndProject
Global
	GlobalSection(SolutionConfigurationPlatforms) = preSolution
		Debug|Any CPU = Debug|Any CPU
		Release|Any CPU = Release|Any CPU
	EndGlobalSection
	GlobalSection(ProjectConfigurationPlatforms) = postSolution
		{22A89F76-1431-43AD-8A5B-EACCAC3870AD}.Debug|Any CPU.ActiveCfg = Debug|Any CPU
		{22A89F76-1431-43AD-8A5B-EACCAC3870AD}.Debug|Any CPU.Build.0 = Debug|Any CPU
		{22A89F76-1431-43AD-8A5B-EACCAC3870AD}.Release|Any CPU.ActiveCfg = Release|Any CPU
		{22A89F76-1431-43AD-8A5B-EACCAC3870AD}.Release|Any CPU.Build.0 = Release|Any CPU
		{366A2938-7D3A-456F-942B-04FC022006BC}.Debug|Any CPU.ActiveCfg = Debug|Any CPU
		{366A2938-7D3A-456F-942B-04FC022006BC}.Debug|Any CPU.Build.0 = Debug|Any CPU
		{366A2938-7D3A-456F-942B-04FC022006BC}.Release|Any CPU.ActiveCfg = Release|Any CPU
		{366A2938-7D3A-456F-942B-04FC022006BC}.Release|Any CPU.Build.0 = Release|Any CPU
		{D2A22900-5E21-4D36-8C5F-A204A376EAD0}.Debug|Any CPU.ActiveCfg = Debug|Any CPU
		{D2A22900-5E21-4D36-8C5F-A204A376EAD0}.Debug|Any CPU.Build.0 = Debug|Any CPU
		{D2A22900-5E21-4D36-8C5F-A204A376EAD0}.Release|Any CPU.ActiveCfg = Release|Any CPU
		{D2A22900-5E21-4D36-8C5F-A204A376EAD0}.Release|Any CPU.Build.0 = Release|Any CPU
		{970DC7FE-8DD5-4C44-8EB2-C1BB6C69793E}.Debug|Any CPU.ActiveCfg = Debug|Any CPU
		{970DC7FE-8DD5-4C44-8EB2-C1BB6C69793E}.Debug|Any CPU.Build.0 = Debug|Any CPU
		{970DC7FE-8DD5-4C44-8EB2-C1BB6C69793E}.Release|Any CPU.ActiveCfg = Release|Any CPU
		{970DC7FE-8DD5-4C44-8EB2-C1BB6C69793E}.Release|Any CPU.Build.0 = Release|Any CPU
		{1581FFF1-C8F5-461D-8C46-042AC87173A9}.Debug|Any CPU.ActiveCfg = Debug|Any CPU
		{1581FFF1-C8F5-461D-8C46-042AC87173A9}.Debug|Any CPU.Build.0 = Debug|Any CPU
		{1581FFF1-C8F5-461D-8C46-042AC87173A9}.Release|Any CPU.ActiveCfg = Release|Any CPU
		{1581FFF1-C8F5-461D-8C46-042AC87173A9}.Release|Any CPU.Build.0 = Release|Any CPU
	EndGlobalSection
	GlobalSection(SolutionProperties) = preSolution
		HideSolutionNode = FALSE
	EndGlobalSection
	GlobalSection(NestedProjects) = preSolution
		{22A89F76-1431-43AD-8A5B-EACCAC3870AD} = {02EA681E-C7D8-13C7-8484-4AC65E1B71E8}
		{366A2938-7D3A-456F-942B-04FC022006BC} = {C2A82893-0605-49D6-B28F-4F8465A67470}
		{D2A22900-5E21-4D36-8C5F-A204A376EAD0} = {331E5850-C784-4080-8084-C15378057A73}
		{970DC7FE-8DD5-4C44-8EB2-C1BB6C69793E} = {3282E042-EFAC-46FB-947D-EE8E6F855F9E}
		{1581FFF1-C8F5-461D-8C46-042AC87173A9} = {7604955B-8041-43D9-BE2C-B061692111F1}
	EndGlobalSection
	GlobalSection(ExtensibilityGlobals) = postSolution
		SolutionGuid = {790B7595-F850-4407-B57F-160E4178A5C0}
	EndGlobalSection
EndGlobal
